
Microsoft Visual Studio Solution File, Format Version 10.00
# Visual C++ Express 2008
Project("{8BC9CEB8-8B4A-11D0-8D11-00A0C91BC942}") = "Treasure Map", "Treasure Map\Treasure Map.vcproj", "{C46C7C34-074D-4096-A78D-0BEEF03F735C}"
EndProject
Global
	GlobalSection(SolutionConfigurationPlatforms) = preSolution
		Debug|Win32 = Debug|Win32
		Release|Win32 = Release|Win32
	EndGlobalSection
	GlobalSection(ProjectConfigurationPlatforms) = postSolution
		{C46C7C34-074D-4096-A78D-0BEEF03F735C}.Debug|Win32.ActiveCfg = Debug|Win32
		{C46C7C34-074D-4096-A78D-0BEEF03F735C}.Debug|Win32.Build.0 = Debug|Win32
		{C46C7C34-074D-4096-A78D-0BEEF03F735C}.Release|Win32.ActiveCfg = Release|Win32
		{C46C7C34-074D-4096-A78D-0BEEF03F735C}.Release|Win32.Build.0 = Release|Win32
	EndGlobalSection
	GlobalSection(SolutionProperties) = preSolution
		HideSolutionNode = FALSE
	EndGlobalSection
EndGlobal
