
Microsoft Visual Studio Solution File, Format Version 10.00
# Visual C++ Express 2008
Project("{8BC9CEB8-8B4A-11D0-8D11-00A0C91BC942}") = "lines2", "lines2\lines2.vcproj", "{32F3007D-E66B-4179-A0D7-B267D161F6E4}"
EndProject
Global
	GlobalSection(SolutionConfigurationPlatforms) = preSolution
		Debug|Win32 = Debug|Win32
		Release|Win32 = Release|Win32
	EndGlobalSection
	GlobalSection(ProjectConfigurationPlatforms) = postSolution
		{32F3007D-E66B-4179-A0D7-B267D161F6E4}.Debug|Win32.ActiveCfg = Debug|Win32
		{32F3007D-E66B-4179-A0D7-B267D161F6E4}.Debug|Win32.Build.0 = Debug|Win32
		{32F3007D-E66B-4179-A0D7-B267D161F6E4}.Release|Win32.ActiveCfg = Release|Win32
		{32F3007D-E66B-4179-A0D7-B267D161F6E4}.Release|Win32.Build.0 = Release|Win32
	EndGlobalSection
	GlobalSection(SolutionProperties) = preSolution
		HideSolutionNode = FALSE
	EndGlobalSection
EndGlobal
