
Microsoft Visual Studio Solution File, Format Version 10.00
# Visual C++ Express 2008
Project("{8BC9CEB8-8B4A-11D0-8D11-00A0C91BC942}") = "Dark GDK - 2D Game1", "Dark GDK - 2D Game1\Dark GDK - 2D Game1.vcproj", "{FF020D60-309E-401D-A813-4B4C0B2A847E}"
EndProject
Global
	GlobalSection(SolutionConfigurationPlatforms) = preSolution
		Debug|Win32 = Debug|Win32
		Release|Win32 = Release|Win32
	EndGlobalSection
	GlobalSection(ProjectConfigurationPlatforms) = postSolution
		{FF020D60-309E-401D-A813-4B4C0B2A847E}.Debug|Win32.ActiveCfg = Debug|Win32
		{FF020D60-309E-401D-A813-4B4C0B2A847E}.Debug|Win32.Build.0 = Debug|Win32
		{FF020D60-309E-401D-A813-4B4C0B2A847E}.Release|Win32.ActiveCfg = Release|Win32
		{FF020D60-309E-401D-A813-4B4C0B2A847E}.Release|Win32.Build.0 = Release|Win32
	EndGlobalSection
	GlobalSection(SolutionProperties) = preSolution
		HideSolutionNode = FALSE
	EndGlobalSection
EndGlobal
