
Microsoft Visual Studio Solution File, Format Version 11.00
# Visual C# Express 2010
Project("{FAE04EC0-301F-11D3-BF4B-00C04F79EFBC}") = "Commission", "Commission\Commission.csproj", "{05E3D536-79F5-40E6-B0BC-7B862347604C}"
EndProject
Global
	GlobalSection(SolutionConfigurationPlatforms) = preSolution
		Debug|x86 = Debug|x86
		Release|x86 = Release|x86
	EndGlobalSection
	GlobalSection(ProjectConfigurationPlatforms) = postSolution
		{05E3D536-79F5-40E6-B0BC-7B862347604C}.Debug|x86.ActiveCfg = Debug|x86
		{05E3D536-79F5-40E6-B0BC-7B862347604C}.Debug|x86.Build.0 = Debug|x86
		{05E3D536-79F5-40E6-B0BC-7B862347604C}.Release|x86.ActiveCfg = Release|x86
		{05E3D536-79F5-40E6-B0BC-7B862347604C}.Release|x86.Build.0 = Release|x86
	EndGlobalSection
	GlobalSection(SolutionProperties) = preSolution
		HideSolutionNode = FALSE
	EndGlobalSection
EndGlobal
